{
    "name": "spacerunner",
    "lockfileVersion": 3,
    "requires": true,
    "packages": {
        "": {
            "name": "spacerunner",
            "dependencies": {
                "progressbar.js": "^1.1.0"
            }
        },
        "node_modules/fsevents": {
            "version": "2.3.2",
            "resolved": "https://registry.npmjs.org/fsevents/-/fsevents-2.3.2.tgz",
            "integrity": "sha512-xiqMQR4xAeHTuB9uWm+fFRcIOgKBMiOBP+eXiyT7jsgVCq1bkVygt00oASowB7EdtpOHaaPgKt812P9ab+DDKA==",
            "hasInstallScript": true,
            "optional": true,
            "os": [
                "darwin"
            ],
            "engines": {
                "node": "^8.16.0 || ^10.6.0 || >=11.0.0"
            }
        },
        "node_modules/progressbar.js": {
            "version": "1.1.0",
            "resolved": "https://registry.npmjs.org/progressbar.js/-/progressbar.js-1.1.0.tgz",
            "integrity": "sha512-K68/xcyXKo2I6T3PfIkXrRaycxROmWeU4bugb49iulWR25cU94PM0cfZ47S0jDhG5K3vPhZwCOy1fgb5Pgh6UQ==",
            "dependencies": {
                "shifty": "^2.1.2"
            }
        },
        "node_modules/shifty": {
            "version": "2.20.0",
            "resolved": "https://registry.npmjs.org/shifty/-/shifty-2.20.0.tgz",
            "integrity": "sha512-1XEGiYWC1Z/lVYWHvTmWXR6/x3VkN4Ocucqulmm2/rHx3zVJpD8SIhab5h7nd3bwysH+OBgE+nCE4ljVudfxtw==",
            "optionalDependencies": {
                "fsevents": "^2.3.2"
            }
        }
    }
}
